{
  "requires": true,
  "lockfileVersion": 1,
  "dependencies": {
    "sweetalert2": {
      "version": "11.4.24",
      "resolved": "https://registry.npmjs.org/sweetalert2/-/sweetalert2-11.4.24.tgz",
      "integrity": "sha512-wbD3SbaOhWyebVfnrY9rMjjVf7ZKUHjmn5Ch83NWUg84b/SYn0N4F0Dhxq3QYSAbnAQ7ArovQb2JfxZi5+Ieug=="
    }
  }
}
